
Microsoft Visual Studio Solution File, Format Version 12.00
# Visual Studio Version 17
VisualStudioVersion = 17.9.34723.18
MinimumVisualStudioVersion = 10.0.40219.1
Project("{FAE04EC0-301F-11D3-BF4B-00C04F79EFBC}") = "Tartumite", "Tartumite.csproj", "{B21FDBB4-5C95-4565-8D86-24757E338E88}"
EndProject
Global
	GlobalSection(SolutionConfigurationPlatforms) = preSolution
		Debug|Any CPU = Debug|Any CPU
		ExportDebug|Any CPU = ExportDebug|Any CPU
		ExportRelease|Any CPU = ExportRelease|Any CPU
	EndGlobalSection
	GlobalSection(ProjectConfigurationPlatforms) = postSolution
		{B21FDBB4-5C95-4565-8D86-24757E338E88}.Debug|Any CPU.ActiveCfg = Debug|Any CPU
		{B21FDBB4-5C95-4565-8D86-24757E338E88}.Debug|Any CPU.Build.0 = Debug|Any CPU
		{B21FDBB4-5C95-4565-8D86-24757E338E88}.ExportDebug|Any CPU.ActiveCfg = ExportDebug|Any CPU
		{B21FDBB4-5C95-4565-8D86-24757E338E88}.ExportDebug|Any CPU.Build.0 = ExportDebug|Any CPU
		{B21FDBB4-5C95-4565-8D86-24757E338E88}.ExportRelease|Any CPU.ActiveCfg = ExportRelease|Any CPU
		{B21FDBB4-5C95-4565-8D86-24757E338E88}.ExportRelease|Any CPU.Build.0 = ExportRelease|Any CPU
	EndGlobalSection
	GlobalSection(SolutionProperties) = preSolution
		HideSolutionNode = FALSE
	EndGlobalSection
	GlobalSection(ExtensibilityGlobals) = postSolution
		SolutionGuid = {DCE0F9D1-FF24-4F52-98D4-1850B90ED54C}
	EndGlobalSection
EndGlobal
